
Microsoft Visual Studio Solution File, Format Version 12.00
# Visual Studio Version 17
VisualStudioVersion = 17.9.34622.214
MinimumVisualStudioVersion = 10.0.40219.1
Project("{FAE04EC0-301F-11D3-BF4B-00C04F79EFBC}") = "KucniUredjaji", "KucniUredjaji\KucniUredjaji.csproj", "{A28102BA-0AC1-4936-B5DE-FE54D45AC180}"
EndProject
Project("{FAE04EC0-301F-11D3-BF4B-00C04F79EFBC}") = "Korisnik", "Klijent\Korisnik.csproj", "{BE0106DB-4019-472C-84D8-38EA58B12790}"
EndProject
Project("{FAE04EC0-301F-11D3-BF4B-00C04F79EFBC}") = "CentralniServer", "CentralniServer\CentralniServer.csproj", "{5CF5A565-58F9-4DC9-B0AE-187889BBB128}"
EndProject
Project("{FAE04EC0-301F-11D3-BF4B-00C04F79EFBC}") = "UredjajKomunikacija", "Uredjaj\UredjajKomunikacija.csproj", "{B195C1CE-F903-4791-BFF4-D5388D868248}"
EndProject
Global
	GlobalSection(SolutionConfigurationPlatforms) = preSolution
		Debug|Any CPU = Debug|Any CPU
		Release|Any CPU = Release|Any CPU
	EndGlobalSection
	GlobalSection(ProjectConfigurationPlatforms) = postSolution
		{A28102BA-0AC1-4936-B5DE-FE54D45AC180}.Debug|Any CPU.ActiveCfg = Debug|Any CPU
		{A28102BA-0AC1-4936-B5DE-FE54D45AC180}.Debug|Any CPU.Build.0 = Debug|Any CPU
		{A28102BA-0AC1-4936-B5DE-FE54D45AC180}.Release|Any CPU.ActiveCfg = Release|Any CPU
		{A28102BA-0AC1-4936-B5DE-FE54D45AC180}.Release|Any CPU.Build.0 = Release|Any CPU
		{BE0106DB-4019-472C-84D8-38EA58B12790}.Debug|Any CPU.ActiveCfg = Debug|Any CPU
		{BE0106DB-4019-472C-84D8-38EA58B12790}.Debug|Any CPU.Build.0 = Debug|Any CPU
		{BE0106DB-4019-472C-84D8-38EA58B12790}.Release|Any CPU.ActiveCfg = Release|Any CPU
		{BE0106DB-4019-472C-84D8-38EA58B12790}.Release|Any CPU.Build.0 = Release|Any CPU
		{5CF5A565-58F9-4DC9-B0AE-187889BBB128}.Debug|Any CPU.ActiveCfg = Debug|Any CPU
		{5CF5A565-58F9-4DC9-B0AE-187889BBB128}.Debug|Any CPU.Build.0 = Debug|Any CPU
		{5CF5A565-58F9-4DC9-B0AE-187889BBB128}.Release|Any CPU.ActiveCfg = Release|Any CPU
		{5CF5A565-58F9-4DC9-B0AE-187889BBB128}.Release|Any CPU.Build.0 = Release|Any CPU
		{B195C1CE-F903-4791-BFF4-D5388D868248}.Debug|Any CPU.ActiveCfg = Debug|Any CPU
		{B195C1CE-F903-4791-BFF4-D5388D868248}.Debug|Any CPU.Build.0 = Debug|Any CPU
		{B195C1CE-F903-4791-BFF4-D5388D868248}.Release|Any CPU.ActiveCfg = Release|Any CPU
		{B195C1CE-F903-4791-BFF4-D5388D868248}.Release|Any CPU.Build.0 = Release|Any CPU
	EndGlobalSection
	GlobalSection(SolutionProperties) = preSolution
		HideSolutionNode = FALSE
	EndGlobalSection
	GlobalSection(ExtensibilityGlobals) = postSolution
		SolutionGuid = {B98F2945-E05E-4103-8BC0-DC062C3FC984}
	EndGlobalSection
EndGlobal
